
Microsoft Visual Studio Solution File, Format Version 12.00
# Visual Studio 2013
VisualStudioVersion = 12.0.30501.0
MinimumVisualStudioVersion = 10.0.40219.1
Project("{8BC9CEB8-8B4A-11D0-8D11-00A0C91BC942}") = "PCIEDriver", "PCIEDriver\PCIEDriver.vcxproj", "{04502428-FF6E-46E8-970E-9B57DED71310}"
EndProject
Project("{8BC9CEB8-8B4A-11D0-8D11-00A0C91BC942}") = "PCIEDriver Package", "PCIEDriver Package\PCIEDriver Package.vcxproj", "{E8361DFD-4F10-4049-BCCF-E62858705099}"
	ProjectSection(ProjectDependencies) = postProject
		{04502428-FF6E-46E8-970E-9B57DED71310} = {04502428-FF6E-46E8-970E-9B57DED71310}
	EndProjectSection
EndProject
Project("{8BC9CEB8-8B4A-11D0-8D11-00A0C91BC942}") = "PCIEDriverHelper", "PCIEDriverHelper\PCIEDriverHelper.vcxproj", "{78309DFD-2894-49AD-BF8B-3B6D6AB1E428}"
EndProject
Project("{FAE04EC0-301F-11D3-BF4B-00C04F79EFBC}") = "PCIEDriverTest", "PCIEDriverTest\PCIEDriverTest.csproj", "{84B970D5-37AC-4A29-B582-8B04E7D10435}"
EndProject
Global
	GlobalSection(SolutionConfigurationPlatforms) = preSolution
		Debug|Mixed Platforms = Debug|Mixed Platforms
		Debug|Win32 = Debug|Win32
		Debug|x64 = Debug|x64
		Debug|x86 = Debug|x86
		Release|Mixed Platforms = Release|Mixed Platforms
		Release|Win32 = Release|Win32
		Release|x64 = Release|x64
		Release|x86 = Release|x86
		Win7 Debug|Mixed Platforms = Win7 Debug|Mixed Platforms
		Win7 Debug|Win32 = Win7 Debug|Win32
		Win7 Debug|x64 = Win7 Debug|x64
		Win7 Debug|x86 = Win7 Debug|x86
		Win7 Release|Mixed Platforms = Win7 Release|Mixed Platforms
		Win7 Release|Win32 = Win7 Release|Win32
		Win7 Release|x64 = Win7 Release|x64
		Win7 Release|x86 = Win7 Release|x86
		Win8 Debug|Mixed Platforms = Win8 Debug|Mixed Platforms
		Win8 Debug|Win32 = Win8 Debug|Win32
		Win8 Debug|x64 = Win8 Debug|x64
		Win8 Debug|x86 = Win8 Debug|x86
		Win8 Release|Mixed Platforms = Win8 Release|Mixed Platforms
		Win8 Release|Win32 = Win8 Release|Win32
		Win8 Release|x64 = Win8 Release|x64
		Win8 Release|x86 = Win8 Release|x86
		Win8.1 Debug|Mixed Platforms = Win8.1 Debug|Mixed Platforms
		Win8.1 Debug|Win32 = Win8.1 Debug|Win32
		Win8.1 Debug|x64 = Win8.1 Debug|x64
		Win8.1 Debug|x86 = Win8.1 Debug|x86
		Win8.1 Release|Mixed Platforms = Win8.1 Release|Mixed Platforms
		Win8.1 Release|Win32 = Win8.1 Release|Win32
		Win8.1 Release|x64 = Win8.1 Release|x64
		Win8.1 Release|x86 = Win8.1 Release|x86
	EndGlobalSection
	GlobalSection(ProjectConfigurationPlatforms) = postSolution
		{04502428-FF6E-46E8-970E-9B57DED71310}.Debug|Mixed Platforms.ActiveCfg = Win8 Debug|Win32
		{04502428-FF6E-46E8-970E-9B57DED71310}.Debug|Mixed Platforms.Build.0 = Win8 Debug|Win32
		{04502428-FF6E-46E8-970E-9B57DED71310}.Debug|Mixed Platforms.Deploy.0 = Win8 Debug|Win32
		{04502428-FF6E-46E8-970E-9B57DED71310}.Debug|Win32.ActiveCfg = Win8.1 Debug|Win32
		{04502428-FF6E-46E8-970E-9B57DED71310}.Debug|Win32.Build.0 = Win8.1 Debug|Win32
		{04502428-FF6E-46E8-970E-9B57DED71310}.Debug|x64.ActiveCfg = Win8.1 Debug|x64
		{04502428-FF6E-46E8-970E-9B57DED71310}.Debug|x64.Build.0 = Win8.1 Debug|x64
		{04502428-FF6E-46E8-970E-9B57DED71310}.Debug|x86.ActiveCfg = Win8 Debug|Win32
		{04502428-FF6E-46E8-970E-9B57DED71310}.Debug|x86.Build.0 = Win8 Debug|Win32
		{04502428-FF6E-46E8-970E-9B57DED71310}.Debug|x86.Deploy.0 = Win8 Debug|Win32
		{04502428-FF6E-46E8-970E-9B57DED71310}.Release|Mixed Platforms.ActiveCfg = Win8 Release|Win32
		{04502428-FF6E-46E8-970E-9B57DED71310}.Release|Mixed Platforms.Build.0 = Win8 Release|Win32
		{04502428-FF6E-46E8-970E-9B57DED71310}.Release|Mixed Platforms.Deploy.0 = Win8 Release|Win32
		{04502428-FF6E-46E8-970E-9B57DED71310}.Release|Win32.ActiveCfg = Win8.1 Release|Win32
		{04502428-FF6E-46E8-970E-9B57DED71310}.Release|Win32.Build.0 = Win8.1 Release|Win32
		{04502428-FF6E-46E8-970E-9B57DED71310}.Release|x64.ActiveCfg = Win8.1 Release|x64
		{04502428-FF6E-46E8-970E-9B57DED71310}.Release|x64.Build.0 = Win8.1 Release|x64
		{04502428-FF6E-46E8-970E-9B57DED71310}.Release|x86.ActiveCfg = Win8 Release|Win32
		{04502428-FF6E-46E8-970E-9B57DED71310}.Release|x86.Build.0 = Win8 Release|Win32
		{04502428-FF6E-46E8-970E-9B57DED71310}.Release|x86.Deploy.0 = Win8 Release|Win32
		{04502428-FF6E-46E8-970E-9B57DED71310}.Win7 Debug|Mixed Platforms.ActiveCfg = Win7 Debug|Win32
		{04502428-FF6E-46E8-970E-9B57DED71310}.Win7 Debug|Mixed Platforms.Build.0 = Win7 Debug|Win32
		{04502428-FF6E-46E8-970E-9B57DED71310}.Win7 Debug|Mixed Platforms.Deploy.0 = Win7 Debug|Win32
		{04502428-FF6E-46E8-970E-9B57DED71310}.Win7 Debug|Win32.ActiveCfg = Win7 Debug|Win32
		{04502428-FF6E-46E8-970E-9B57DED71310}.Win7 Debug|Win32.Build.0 = Win7 Debug|Win32
		{04502428-FF6E-46E8-970E-9B57DED71310}.Win7 Debug|Win32.Deploy.0 = Win7 Debug|Win32
		{04502428-FF6E-46E8-970E-9B57DED71310}.Win7 Debug|x64.ActiveCfg = Win7 Debug|x64
		{04502428-FF6E-46E8-970E-9B57DED71310}.Win7 Debug|x64.Build.0 = Win7 Debug|x64
		{04502428-FF6E-46E8-970E-9B57DED71310}.Win7 Debug|x64.Deploy.0 = Win7 Debug|x64
		{04502428-FF6E-46E8-970E-9B57DED71310}.Win7 Debug|x86.ActiveCfg = Win7 Debug|Win32
		{04502428-FF6E-46E8-970E-9B57DED71310}.Win7 Debug|x86.Build.0 = Win7 Debug|Win32
		{04502428-FF6E-46E8-970E-9B57DED71310}.Win7 Debug|x86.Deploy.0 = Win7 Debug|Win32
		{04502428-FF6E-46E8-970E-9B57DED71310}.Win7 Release|Mixed Platforms.ActiveCfg = Win7 Release|Win32
		{04502428-FF6E-46E8-970E-9B57DED71310}.Win7 Release|Win32.ActiveCfg = Win7 Release|Win32
		{04502428-FF6E-46E8-970E-9B57DED71310}.Win7 Release|Win32.Build.0 = Win7 Release|Win32
		{04502428-FF6E-46E8-970E-9B57DED71310}.Win7 Release|Win32.Deploy.0 = Win7 Release|Win32
		{04502428-FF6E-46E8-970E-9B57DED71310}.Win7 Release|x64.ActiveCfg = Win7 Release|x64
		{04502428-FF6E-46E8-970E-9B57DED71310}.Win7 Release|x64.Build.0 = Win7 Release|x64
		{04502428-FF6E-46E8-970E-9B57DED71310}.Win7 Release|x64.Deploy.0 = Win7 Release|x64
		{04502428-FF6E-46E8-970E-9B57DED71310}.Win7 Release|x86.ActiveCfg = Win7 Release|Win32
		{04502428-FF6E-46E8-970E-9B57DED71310}.Win7 Release|x86.Build.0 = Win7 Release|Win32
		{04502428-FF6E-46E8-970E-9B57DED71310}.Win7 Release|x86.Deploy.0 = Win7 Release|Win32
		{04502428-FF6E-46E8-970E-9B57DED71310}.Win8 Debug|Mixed Platforms.ActiveCfg = Win8 Debug|Win32
		{04502428-FF6E-46E8-970E-9B57DED71310}.Win8 Debug|Mixed Platforms.Build.0 = Win8 Debug|Win32
		{04502428-FF6E-46E8-970E-9B57DED71310}.Win8 Debug|Mixed Platforms.Deploy.0 = Win8 Debug|Win32
		{04502428-FF6E-46E8-970E-9B57DED71310}.Win8 Debug|Win32.ActiveCfg = Win8 Debug|Win32
		{04502428-FF6E-46E8-970E-9B57DED71310}.Win8 Debug|Win32.Build.0 = Win8 Debug|Win32
		{04502428-FF6E-46E8-970E-9B57DED71310}.Win8 Debug|Win32.Deploy.0 = Win8 Debug|Win32
		{04502428-FF6E-46E8-970E-9B57DED71310}.Win8 Debug|x64.ActiveCfg = Win8 Debug|x64
		{04502428-FF6E-46E8-970E-9B57DED71310}.Win8 Debug|x64.Build.0 = Win8 Debug|x64
		{04502428-FF6E-46E8-970E-9B57DED71310}.Win8 Debug|x64.Deploy.0 = Win8 Debug|x64
		{04502428-FF6E-46E8-970E-9B57DED71310}.Win8 Debug|x86.ActiveCfg = Win8 Debug|Win32
		{04502428-FF6E-46E8-970E-9B57DED71310}.Win8 Debug|x86.Build.0 = Win8 Debug|Win32
		{04502428-FF6E-46E8-970E-9B57DED71310}.Win8 Debug|x86.Deploy.0 = Win8 Debug|Win32
		{04502428-FF6E-46E8-970E-9B57DED71310}.Win8 Release|Mixed Platforms.ActiveCfg = Win8 Release|Win32
		{04502428-FF6E-46E8-970E-9B57DED71310}.Win8 Release|Mixed Platforms.Build.0 = Win8 Release|Win32
		{04502428-FF6E-46E8-970E-9B57DED71310}.Win8 Release|Mixed Platforms.Deploy.0 = Win8 Release|Win32
		{04502428-FF6E-46E8-970E-9B57DED71310}.Win8 Release|Win32.ActiveCfg = Win8 Release|Win32
		{04502428-FF6E-46E8-970E-9B57DED71310}.Win8 Release|Win32.Build.0 = Win8 Release|Win32
		{04502428-FF6E-46E8-970E-9B57DED71310}.Win8 Release|Win32.Deploy.0 = Win8 Release|Win32
		{04502428-FF6E-46E8-970E-9B57DED71310}.Win8 Release|x64.ActiveCfg = Win8 Release|x64
		{04502428-FF6E-46E8-970E-9B57DED71310}.Win8 Release|x64.Build.0 = Win8 Release|x64
		{04502428-FF6E-46E8-970E-9B57DED71310}.Win8 Release|x64.Deploy.0 = Win8 Release|x64
		{04502428-FF6E-46E8-970E-9B57DED71310}.Win8 Release|x86.ActiveCfg = Win8 Release|Win32
		{04502428-FF6E-46E8-970E-9B57DED71310}.Win8 Release|x86.Build.0 = Win8 Release|Win32
		{04502428-FF6E-46E8-970E-9B57DED71310}.Win8 Release|x86.Deploy.0 = Win8 Release|Win32
		{04502428-FF6E-46E8-970E-9B57DED71310}.Win8.1 Debug|Mixed Platforms.ActiveCfg = Win8.1 Debug|Win32
		{04502428-FF6E-46E8-970E-9B57DED71310}.Win8.1 Debug|Mixed Platforms.Build.0 = Win8.1 Debug|Win32
		{04502428-FF6E-46E8-970E-9B57DED71310}.Win8.1 Debug|Mixed Platforms.Deploy.0 = Win8.1 Debug|Win32
		{04502428-FF6E-46E8-970E-9B57DED71310}.Win8.1 Debug|Win32.ActiveCfg = Win8.1 Debug|Win32
		{04502428-FF6E-46E8-970E-9B57DED71310}.Win8.1 Debug|Win32.Build.0 = Win8.1 Debug|Win32
		{04502428-FF6E-46E8-970E-9B57DED71310}.Win8.1 Debug|Win32.Deploy.0 = Win8.1 Debug|Win32
		{04502428-FF6E-46E8-970E-9B57DED71310}.Win8.1 Debug|x64.ActiveCfg = Win8.1 Debug|x64
		{04502428-FF6E-46E8-970E-9B57DED71310}.Win8.1 Debug|x64.Build.0 = Win8.1 Debug|x64
		{04502428-FF6E-46E8-970E-9B57DED71310}.Win8.1 Debug|x64.Deploy.0 = Win8.1 Debug|x64
		{04502428-FF6E-46E8-970E-9B57DED71310}.Win8.1 Debug|x86.ActiveCfg = Win8.1 Debug|Win32
		{04502428-FF6E-46E8-970E-9B57DED71310}.Win8.1 Debug|x86.Build.0 = Win8.1 Debug|Win32
		{04502428-FF6E-46E8-970E-9B57DED71310}.Win8.1 Debug|x86.Deploy.0 = Win8.1 Debug|Win32
		{04502428-FF6E-46E8-970E-9B57DED71310}.Win8.1 Release|Mixed Platforms.ActiveCfg = Win8.1 Release|Win32
		{04502428-FF6E-46E8-970E-9B57DED71310}.Win8.1 Release|Mixed Platforms.Build.0 = Win8.1 Release|Win32
		{04502428-FF6E-46E8-970E-9B57DED71310}.Win8.1 Release|Mixed Platforms.Deploy.0 = Win8.1 Release|Win32
		{04502428-FF6E-46E8-970E-9B57DED71310}.Win8.1 Release|Win32.ActiveCfg = Win8.1 Release|Win32
		{04502428-FF6E-46E8-970E-9B57DED71310}.Win8.1 Release|Win32.Build.0 = Win8.1 Release|Win32
		{04502428-FF6E-46E8-970E-9B57DED71310}.Win8.1 Release|Win32.Deploy.0 = Win8.1 Release|Win32
		{04502428-FF6E-46E8-970E-9B57DED71310}.Win8.1 Release|x64.ActiveCfg = Win8.1 Release|x64
		{04502428-FF6E-46E8-970E-9B57DED71310}.Win8.1 Release|x64.Build.0 = Win8.1 Release|x64
		{04502428-FF6E-46E8-970E-9B57DED71310}.Win8.1 Release|x64.Deploy.0 = Win8.1 Release|x64
		{04502428-FF6E-46E8-970E-9B57DED71310}.Win8.1 Release|x86.ActiveCfg = Win8.1 Release|Win32
		{04502428-FF6E-46E8-970E-9B57DED71310}.Win8.1 Release|x86.Build.0 = Win8.1 Release|Win32
		{04502428-FF6E-46E8-970E-9B57DED71310}.Win8.1 Release|x86.Deploy.0 = Win8.1 Release|Win32
		{E8361DFD-4F10-4049-BCCF-E62858705099}.Debug|Mixed Platforms.ActiveCfg = Win8 Debug|Win32
		{E8361DFD-4F10-4049-BCCF-E62858705099}.Debug|Mixed Platforms.Build.0 = Win8 Debug|Win32
		{E8361DFD-4F10-4049-BCCF-E62858705099}.Debug|Mixed Platforms.Deploy.0 = Win8 Debug|Win32
		{E8361DFD-4F10-4049-BCCF-E62858705099}.Debug|Win32.ActiveCfg = Win8.1 Debug|Win32
		{E8361DFD-4F10-4049-BCCF-E62858705099}.Debug|Win32.Build.0 = Win8.1 Debug|Win32
		{E8361DFD-4F10-4049-BCCF-E62858705099}.Debug|x64.ActiveCfg = Win8.1 Debug|x64
		{E8361DFD-4F10-4049-BCCF-E62858705099}.Debug|x64.Build.0 = Win8.1 Debug|x64
		{E8361DFD-4F10-4049-BCCF-E62858705099}.Debug|x86.ActiveCfg = Win8 Debug|Win32
		{E8361DFD-4F10-4049-BCCF-E62858705099}.Debug|x86.Build.0 = Win8 Debug|Win32
		{E8361DFD-4F10-4049-BCCF-E62858705099}.Debug|x86.Deploy.0 = Win8 Debug|Win32
		{E8361DFD-4F10-4049-BCCF-E62858705099}.Release|Mixed Platforms.ActiveCfg = Win8 Release|Win32
		{E8361DFD-4F10-4049-BCCF-E62858705099}.Release|Mixed Platforms.Build.0 = Win8 Release|Win32
		{E8361DFD-4F10-4049-BCCF-E62858705099}.Release|Mixed Platforms.Deploy.0 = Win8 Release|Win32
		{E8361DFD-4F10-4049-BCCF-E62858705099}.Release|Win32.ActiveCfg = Win8.1 Release|Win32
		{E8361DFD-4F10-4049-BCCF-E62858705099}.Release|Win32.Build.0 = Win8.1 Release|Win32
		{E8361DFD-4F10-4049-BCCF-E62858705099}.Release|x64.ActiveCfg = Win8.1 Release|x64
		{E8361DFD-4F10-4049-BCCF-E62858705099}.Release|x64.Build.0 = Win8.1 Release|x64
		{E8361DFD-4F10-4049-BCCF-E62858705099}.Release|x86.ActiveCfg = Win8 Release|Win32
		{E8361DFD-4F10-4049-BCCF-E62858705099}.Release|x86.Build.0 = Win8 Release|Win32
		{E8361DFD-4F10-4049-BCCF-E62858705099}.Release|x86.Deploy.0 = Win8 Release|Win32
		{E8361DFD-4F10-4049-BCCF-E62858705099}.Win7 Debug|Mixed Platforms.ActiveCfg = Win7 Debug|Win32
		{E8361DFD-4F10-4049-BCCF-E62858705099}.Win7 Debug|Mixed Platforms.Build.0 = Win7 Debug|Win32
		{E8361DFD-4F10-4049-BCCF-E62858705099}.Win7 Debug|Mixed Platforms.Deploy.0 = Win7 Debug|Win32
		{E8361DFD-4F10-4049-BCCF-E62858705099}.Win7 Debug|Win32.ActiveCfg = Win7 Debug|Win32
		{E8361DFD-4F10-4049-BCCF-E62858705099}.Win7 Debug|Win32.Build.0 = Win7 Debug|Win32
		{E8361DFD-4F10-4049-BCCF-E62858705099}.Win7 Debug|Win32.Deploy.0 = Win7 Debug|Win32
		{E8361DFD-4F10-4049-BCCF-E62858705099}.Win7 Debug|x64.ActiveCfg = Win7 Debug|x64
		{E8361DFD-4F10-4049-BCCF-E62858705099}.Win7 Debug|x64.Build.0 = Win7 Debug|x64
		{E8361DFD-4F10-4049-BCCF-E62858705099}.Win7 Debug|x64.Deploy.0 = Win7 Debug|x64
		{E8361DFD-4F10-4049-BCCF-E62858705099}.Win7 Debug|x86.ActiveCfg = Win7 Debug|Win32
		{E8361DFD-4F10-4049-BCCF-E62858705099}.Win7 Debug|x86.Build.0 = Win7 Debug|Win32
		{E8361DFD-4F10-4049-BCCF-E62858705099}.Win7 Debug|x86.Deploy.0 = Win7 Debug|Win32
		{E8361DFD-4F10-4049-BCCF-E62858705099}.Win7 Release|Mixed Platforms.ActiveCfg = Win7 Release|Win32
		{E8361DFD-4F10-4049-BCCF-E62858705099}.Win7 Release|Win32.ActiveCfg = Win7 Release|Win32
		{E8361DFD-4F10-4049-BCCF-E62858705099}.Win7 Release|Win32.Build.0 = Win7 Release|Win32
		{E8361DFD-4F10-4049-BCCF-E62858705099}.Win7 Release|Win32.Deploy.0 = Win7 Release|Win32
		{E8361DFD-4F10-4049-BCCF-E62858705099}.Win7 Release|x64.ActiveCfg = Win7 Release|x64
		{E8361DFD-4F10-4049-BCCF-E62858705099}.Win7 Release|x64.Build.0 = Win7 Release|x64
		{E8361DFD-4F10-4049-BCCF-E62858705099}.Win7 Release|x64.Deploy.0 = Win7 Release|x64
		{E8361DFD-4F10-4049-BCCF-E62858705099}.Win7 Release|x86.ActiveCfg = Win7 Release|Win32
		{E8361DFD-4F10-4049-BCCF-E62858705099}.Win7 Release|x86.Build.0 = Win7 Release|Win32
		{E8361DFD-4F10-4049-BCCF-E62858705099}.Win7 Release|x86.Deploy.0 = Win7 Release|Win32
		{E8361DFD-4F10-4049-BCCF-E62858705099}.Win8 Debug|Mixed Platforms.ActiveCfg = Win8 Debug|Win32
		{E8361DFD-4F10-4049-BCCF-E62858705099}.Win8 Debug|Mixed Platforms.Build.0 = Win8 Debug|Win32
		{E8361DFD-4F10-4049-BCCF-E62858705099}.Win8 Debug|Mixed Platforms.Deploy.0 = Win8 Debug|Win32
		{E8361DFD-4F10-4049-BCCF-E62858705099}.Win8 Debug|Win32.ActiveCfg = Win8 Debug|Win32
		{E8361DFD-4F10-4049-BCCF-E62858705099}.Win8 Debug|Win32.Build.0 = Win8 Debug|Win32
		{E8361DFD-4F10-4049-BCCF-E62858705099}.Win8 Debug|Win32.Deploy.0 = Win8 Debug|Win32
		{E8361DFD-4F10-4049-BCCF-E62858705099}.Win8 Debug|x64.ActiveCfg = Win8 Debug|x64
		{E8361DFD-4F10-4049-BCCF-E62858705099}.Win8 Debug|x64.Build.0 = Win8 Debug|x64
		{E8361DFD-4F10-4049-BCCF-E62858705099}.Win8 Debug|x64.Deploy.0 = Win8 Debug|x64
		{E8361DFD-4F10-4049-BCCF-E62858705099}.Win8 Debug|x86.ActiveCfg = Win8 Debug|Win32
		{E8361DFD-4F10-4049-BCCF-E62858705099}.Win8 Debug|x86.Build.0 = Win8 Debug|Win32
		{E8361DFD-4F10-4049-BCCF-E62858705099}.Win8 Debug|x86.Deploy.0 = Win8 Debug|Win32
		{E8361DFD-4F10-4049-BCCF-E62858705099}.Win8 Release|Mixed Platforms.ActiveCfg = Win8 Release|Win32
		{E8361DFD-4F10-4049-BCCF-E62858705099}.Win8 Release|Mixed Platforms.Build.0 = Win8 Release|Win32
		{E8361DFD-4F10-4049-BCCF-E62858705099}.Win8 Release|Mixed Platforms.Deploy.0 = Win8 Release|Win32
		{E8361DFD-4F10-4049-BCCF-E62858705099}.Win8 Release|Win32.ActiveCfg = Win8 Release|Win32
		{E8361DFD-4F10-4049-BCCF-E62858705099}.Win8 Release|Win32.Build.0 = Win8 Release|Win32
		{E8361DFD-4F10-4049-BCCF-E62858705099}.Win8 Release|Win32.Deploy.0 = Win8 Release|Win32
		{E8361DFD-4F10-4049-BCCF-E62858705099}.Win8 Release|x64.ActiveCfg = Win8 Release|x64
		{E8361DFD-4F10-4049-BCCF-E62858705099}.Win8 Release|x64.Build.0 = Win8 Release|x64
		{E8361DFD-4F10-4049-BCCF-E62858705099}.Win8 Release|x64.Deploy.0 = Win8 Release|x64
		{E8361DFD-4F10-4049-BCCF-E62858705099}.Win8 Release|x86.ActiveCfg = Win8 Release|Win32
		{E8361DFD-4F10-4049-BCCF-E62858705099}.Win8 Release|x86.Build.0 = Win8 Release|Win32
		{E8361DFD-4F10-4049-BCCF-E62858705099}.Win8 Release|x86.Deploy.0 = Win8 Release|Win32
		{E8361DFD-4F10-4049-BCCF-E62858705099}.Win8.1 Debug|Mixed Platforms.ActiveCfg = Win8.1 Debug|Win32
		{E8361DFD-4F10-4049-BCCF-E62858705099}.Win8.1 Debug|Mixed Platforms.Build.0 = Win8.1 Debug|Win32
		{E8361DFD-4F10-4049-BCCF-E62858705099}.Win8.1 Debug|Mixed Platforms.Deploy.0 = Win8.1 Debug|Win32
		{E8361DFD-4F10-4049-BCCF-E62858705099}.Win8.1 Debug|Win32.ActiveCfg = Win8.1 Debug|Win32
		{E8361DFD-4F10-4049-BCCF-E62858705099}.Win8.1 Debug|Win32.Build.0 = Win8.1 Debug|Win32
		{E8361DFD-4F10-4049-BCCF-E62858705099}.Win8.1 Debug|Win32.Deploy.0 = Win8.1 Debug|Win32
		{E8361DFD-4F10-4049-BCCF-E62858705099}.Win8.1 Debug|x64.ActiveCfg = Win8.1 Debug|x64
		{E8361DFD-4F10-4049-BCCF-E62858705099}.Win8.1 Debug|x64.Build.0 = Win8.1 Debug|x64
		{E8361DFD-4F10-4049-BCCF-E62858705099}.Win8.1 Debug|x64.Deploy.0 = Win8.1 Debug|x64
		{E8361DFD-4F10-4049-BCCF-E62858705099}.Win8.1 Debug|x86.ActiveCfg = Win8.1 Debug|Win32
		{E8361DFD-4F10-4049-BCCF-E62858705099}.Win8.1 Debug|x86.Build.0 = Win8.1 Debug|Win32
		{E8361DFD-4F10-4049-BCCF-E62858705099}.Win8.1 Debug|x86.Deploy.0 = Win8.1 Debug|Win32
		{E8361DFD-4F10-4049-BCCF-E62858705099}.Win8.1 Release|Mixed Platforms.ActiveCfg = Win8.1 Release|Win32
		{E8361DFD-4F10-4049-BCCF-E62858705099}.Win8.1 Release|Mixed Platforms.Build.0 = Win8.1 Release|Win32
		{E8361DFD-4F10-4049-BCCF-E62858705099}.Win8.1 Release|Mixed Platforms.Deploy.0 = Win8.1 Release|Win32
		{E8361DFD-4F10-4049-BCCF-E62858705099}.Win8.1 Release|Win32.ActiveCfg = Win8.1 Release|Win32
		{E8361DFD-4F10-4049-BCCF-E62858705099}.Win8.1 Release|Win32.Build.0 = Win8.1 Release|Win32
		{E8361DFD-4F10-4049-BCCF-E62858705099}.Win8.1 Release|Win32.Deploy.0 = Win8.1 Release|Win32
		{E8361DFD-4F10-4049-BCCF-E62858705099}.Win8.1 Release|x64.ActiveCfg = Win8.1 Release|x64
		{E8361DFD-4F10-4049-BCCF-E62858705099}.Win8.1 Release|x64.Build.0 = Win8.1 Release|x64
		{E8361DFD-4F10-4049-BCCF-E62858705099}.Win8.1 Release|x64.Deploy.0 = Win8.1 Release|x64
		{E8361DFD-4F10-4049-BCCF-E62858705099}.Win8.1 Release|x86.ActiveCfg = Win8.1 Release|Win32
		{E8361DFD-4F10-4049-BCCF-E62858705099}.Win8.1 Release|x86.Build.0 = Win8.1 Release|Win32
		{E8361DFD-4F10-4049-BCCF-E62858705099}.Win8.1 Release|x86.Deploy.0 = Win8.1 Release|Win32
		{78309DFD-2894-49AD-BF8B-3B6D6AB1E428}.Debug|Mixed Platforms.ActiveCfg = Debug|Win32
		{78309DFD-2894-49AD-BF8B-3B6D6AB1E428}.Debug|Mixed Platforms.Build.0 = Debug|Win32
		{78309DFD-2894-49AD-BF8B-3B6D6AB1E428}.Debug|Mixed Platforms.Deploy.0 = Debug|Win32
		{78309DFD-2894-49AD-BF8B-3B6D6AB1E428}.Debug|Win32.ActiveCfg = Debug|Win32
		{78309DFD-2894-49AD-BF8B-3B6D6AB1E428}.Debug|Win32.Build.0 = Debug|Win32
		{78309DFD-2894-49AD-BF8B-3B6D6AB1E428}.Debug|x64.ActiveCfg = Debug|x64
		{78309DFD-2894-49AD-BF8B-3B6D6AB1E428}.Debug|x64.Build.0 = Debug|x64
		{78309DFD-2894-49AD-BF8B-3B6D6AB1E428}.Debug|x86.ActiveCfg = Debug|Win32
		{78309DFD-2894-49AD-BF8B-3B6D6AB1E428}.Debug|x86.Build.0 = Debug|Win32
		{78309DFD-2894-49AD-BF8B-3B6D6AB1E428}.Debug|x86.Deploy.0 = Debug|Win32
		{78309DFD-2894-49AD-BF8B-3B6D6AB1E428}.Release|Mixed Platforms.ActiveCfg = Release|Win32
		{78309DFD-2894-49AD-BF8B-3B6D6AB1E428}.Release|Mixed Platforms.Build.0 = Release|Win32
		{78309DFD-2894-49AD-BF8B-3B6D6AB1E428}.Release|Mixed Platforms.Deploy.0 = Release|Win32
		{78309DFD-2894-49AD-BF8B-3B6D6AB1E428}.Release|Win32.ActiveCfg = Release|Win32
		{78309DFD-2894-49AD-BF8B-3B6D6AB1E428}.Release|Win32.Build.0 = Release|Win32
		{78309DFD-2894-49AD-BF8B-3B6D6AB1E428}.Release|x64.ActiveCfg = Release|x64
		{78309DFD-2894-49AD-BF8B-3B6D6AB1E428}.Release|x64.Build.0 = Release|x64
		{78309DFD-2894-49AD-BF8B-3B6D6AB1E428}.Release|x86.ActiveCfg = Release|Win32
		{78309DFD-2894-49AD-BF8B-3B6D6AB1E428}.Release|x86.Build.0 = Release|Win32
		{78309DFD-2894-49AD-BF8B-3B6D6AB1E428}.Release|x86.Deploy.0 = Release|Win32
		{78309DFD-2894-49AD-BF8B-3B6D6AB1E428}.Win7 Debug|Mixed Platforms.ActiveCfg = Debug|Win32
		{78309DFD-2894-49AD-BF8B-3B6D6AB1E428}.Win7 Debug|Mixed Platforms.Build.0 = Debug|Win32
		{78309DFD-2894-49AD-BF8B-3B6D6AB1E428}.Win7 Debug|Mixed Platforms.Deploy.0 = Debug|Win32
		{78309DFD-2894-49AD-BF8B-3B6D6AB1E428}.Win7 Debug|Win32.ActiveCfg = Debug|Win32
		{78309DFD-2894-49AD-BF8B-3B6D6AB1E428}.Win7 Debug|Win32.Build.0 = Debug|Win32
		{78309DFD-2894-49AD-BF8B-3B6D6AB1E428}.Win7 Debug|x64.ActiveCfg = Debug|x64
		{78309DFD-2894-49AD-BF8B-3B6D6AB1E428}.Win7 Debug|x64.Build.0 = Debug|x64
		{78309DFD-2894-49AD-BF8B-3B6D6AB1E428}.Win7 Debug|x86.ActiveCfg = Debug|Win32
		{78309DFD-2894-49AD-BF8B-3B6D6AB1E428}.Win7 Debug|x86.Build.0 = Debug|Win32
		{78309DFD-2894-49AD-BF8B-3B6D6AB1E428}.Win7 Debug|x86.Deploy.0 = Debug|Win32
		{78309DFD-2894-49AD-BF8B-3B6D6AB1E428}.Win7 Release|Mixed Platforms.ActiveCfg = Release|Win32
		{78309DFD-2894-49AD-BF8B-3B6D6AB1E428}.Win7 Release|Win32.ActiveCfg = Release|Win32
		{78309DFD-2894-49AD-BF8B-3B6D6AB1E428}.Win7 Release|Win32.Build.0 = Release|Win32
		{78309DFD-2894-49AD-BF8B-3B6D6AB1E428}.Win7 Release|x64.ActiveCfg = Release|x64
		{78309DFD-2894-49AD-BF8B-3B6D6AB1E428}.Win7 Release|x64.Build.0 = Release|x64
		{78309DFD-2894-49AD-BF8B-3B6D6AB1E428}.Win7 Release|x86.ActiveCfg = Release|Win32
		{78309DFD-2894-49AD-BF8B-3B6D6AB1E428}.Win7 Release|x86.Build.0 = Release|Win32
		{78309DFD-2894-49AD-BF8B-3B6D6AB1E428}.Win7 Release|x86.Deploy.0 = Release|Win32
		{78309DFD-2894-49AD-BF8B-3B6D6AB1E428}.Win8 Debug|Mixed Platforms.ActiveCfg = Debug|Win32
		{78309DFD-2894-49AD-BF8B-3B6D6AB1E428}.Win8 Debug|Mixed Platforms.Build.0 = Debug|Win32
		{78309DFD-2894-49AD-BF8B-3B6D6AB1E428}.Win8 Debug|Mixed Platforms.Deploy.0 = Debug|Win32
		{78309DFD-2894-49AD-BF8B-3B6D6AB1E428}.Win8 Debug|Win32.ActiveCfg = Debug|Win32
		{78309DFD-2894-49AD-BF8B-3B6D6AB1E428}.Win8 Debug|Win32.Build.0 = Debug|Win32
		{78309DFD-2894-49AD-BF8B-3B6D6AB1E428}.Win8 Debug|x64.ActiveCfg = Debug|x64
		{78309DFD-2894-49AD-BF8B-3B6D6AB1E428}.Win8 Debug|x64.Build.0 = Debug|x64
		{78309DFD-2894-49AD-BF8B-3B6D6AB1E428}.Win8 Debug|x86.ActiveCfg = Debug|Win32
		{78309DFD-2894-49AD-BF8B-3B6D6AB1E428}.Win8 Debug|x86.Build.0 = Debug|Win32
		{78309DFD-2894-49AD-BF8B-3B6D6AB1E428}.Win8 Debug|x86.Deploy.0 = Debug|Win32
		{78309DFD-2894-49AD-BF8B-3B6D6AB1E428}.Win8 Release|Mixed Platforms.ActiveCfg = Release|Win32
		{78309DFD-2894-49AD-BF8B-3B6D6AB1E428}.Win8 Release|Mixed Platforms.Build.0 = Release|Win32
		{78309DFD-2894-49AD-BF8B-3B6D6AB1E428}.Win8 Release|Mixed Platforms.Deploy.0 = Release|Win32
		{78309DFD-2894-49AD-BF8B-3B6D6AB1E428}.Win8 Release|Win32.ActiveCfg = Release|Win32
		{78309DFD-2894-49AD-BF8B-3B6D6AB1E428}.Win8 Release|Win32.Build.0 = Release|Win32
		{78309DFD-2894-49AD-BF8B-3B6D6AB1E428}.Win8 Release|x64.ActiveCfg = Release|x64
		{78309DFD-2894-49AD-BF8B-3B6D6AB1E428}.Win8 Release|x64.Build.0 = Release|x64
		{78309DFD-2894-49AD-BF8B-3B6D6AB1E428}.Win8 Release|x86.ActiveCfg = Release|Win32
		{78309DFD-2894-49AD-BF8B-3B6D6AB1E428}.Win8 Release|x86.Build.0 = Release|Win32
		{78309DFD-2894-49AD-BF8B-3B6D6AB1E428}.Win8 Release|x86.Deploy.0 = Release|Win32
		{78309DFD-2894-49AD-BF8B-3B6D6AB1E428}.Win8.1 Debug|Mixed Platforms.ActiveCfg = Debug|Win32
		{78309DFD-2894-49AD-BF8B-3B6D6AB1E428}.Win8.1 Debug|Mixed Platforms.Build.0 = Debug|Win32
		{78309DFD-2894-49AD-BF8B-3B6D6AB1E428}.Win8.1 Debug|Mixed Platforms.Deploy.0 = Debug|Win32
		{78309DFD-2894-49AD-BF8B-3B6D6AB1E428}.Win8.1 Debug|Win32.ActiveCfg = Debug|Win32
		{78309DFD-2894-49AD-BF8B-3B6D6AB1E428}.Win8.1 Debug|Win32.Build.0 = Debug|Win32
		{78309DFD-2894-49AD-BF8B-3B6D6AB1E428}.Win8.1 Debug|x64.ActiveCfg = Debug|x64
		{78309DFD-2894-49AD-BF8B-3B6D6AB1E428}.Win8.1 Debug|x64.Build.0 = Debug|x64
		{78309DFD-2894-49AD-BF8B-3B6D6AB1E428}.Win8.1 Debug|x86.ActiveCfg = Debug|Win32
		{78309DFD-2894-49AD-BF8B-3B6D6AB1E428}.Win8.1 Debug|x86.Build.0 = Debug|Win32
		{78309DFD-2894-49AD-BF8B-3B6D6AB1E428}.Win8.1 Debug|x86.Deploy.0 = Debug|Win32
		{78309DFD-2894-49AD-BF8B-3B6D6AB1E428}.Win8.1 Release|Mixed Platforms.ActiveCfg = Release|Win32
		{78309DFD-2894-49AD-BF8B-3B6D6AB1E428}.Win8.1 Release|Mixed Platforms.Build.0 = Release|Win32
		{78309DFD-2894-49AD-BF8B-3B6D6AB1E428}.Win8.1 Release|Mixed Platforms.Deploy.0 = Release|Win32
		{78309DFD-2894-49AD-BF8B-3B6D6AB1E428}.Win8.1 Release|Win32.ActiveCfg = Release|Win32
		{78309DFD-2894-49AD-BF8B-3B6D6AB1E428}.Win8.1 Release|Win32.Build.0 = Release|Win32
		{78309DFD-2894-49AD-BF8B-3B6D6AB1E428}.Win8.1 Release|x64.ActiveCfg = Release|x64
		{78309DFD-2894-49AD-BF8B-3B6D6AB1E428}.Win8.1 Release|x64.Build.0 = Release|x64
		{78309DFD-2894-49AD-BF8B-3B6D6AB1E428}.Win8.1 Release|x86.ActiveCfg = Release|Win32
		{78309DFD-2894-49AD-BF8B-3B6D6AB1E428}.Win8.1 Release|x86.Build.0 = Release|Win32
		{78309DFD-2894-49AD-BF8B-3B6D6AB1E428}.Win8.1 Release|x86.Deploy.0 = Release|Win32
		{84B970D5-37AC-4A29-B582-8B04E7D10435}.Debug|Mixed Platforms.ActiveCfg = Debug|x86
		{84B970D5-37AC-4A29-B582-8B04E7D10435}.Debug|Mixed Platforms.Build.0 = Debug|x86
		{84B970D5-37AC-4A29-B582-8B04E7D10435}.Debug|Win32.ActiveCfg = Debug|x86
		{84B970D5-37AC-4A29-B582-8B04E7D10435}.Debug|Win32.Build.0 = Debug|x86
		{84B970D5-37AC-4A29-B582-8B04E7D10435}.Debug|x64.ActiveCfg = Debug|x86
		{84B970D5-37AC-4A29-B582-8B04E7D10435}.Debug|x86.ActiveCfg = Debug|x86
		{84B970D5-37AC-4A29-B582-8B04E7D10435}.Debug|x86.Build.0 = Debug|x86
		{84B970D5-37AC-4A29-B582-8B04E7D10435}.Release|Mixed Platforms.ActiveCfg = Release|x86
		{84B970D5-37AC-4A29-B582-8B04E7D10435}.Release|Mixed Platforms.Build.0 = Release|x86
		{84B970D5-37AC-4A29-B582-8B04E7D10435}.Release|Win32.ActiveCfg = Release|x86
		{84B970D5-37AC-4A29-B582-8B04E7D10435}.Release|Win32.Build.0 = Release|x86
		{84B970D5-37AC-4A29-B582-8B04E7D10435}.Release|x64.ActiveCfg = Release|x86
		{84B970D5-37AC-4A29-B582-8B04E7D10435}.Release|x86.ActiveCfg = Release|x86
		{84B970D5-37AC-4A29-B582-8B04E7D10435}.Release|x86.Build.0 = Release|x86
		{84B970D5-37AC-4A29-B582-8B04E7D10435}.Win7 Debug|Mixed Platforms.ActiveCfg = Debug|x86
		{84B970D5-37AC-4A29-B582-8B04E7D10435}.Win7 Debug|Mixed Platforms.Build.0 = Debug|x86
		{84B970D5-37AC-4A29-B582-8B04E7D10435}.Win7 Debug|Win32.ActiveCfg = Debug|x86
		{84B970D5-37AC-4A29-B582-8B04E7D10435}.Win7 Debug|Win32.Build.0 = Debug|x86
		{84B970D5-37AC-4A29-B582-8B04E7D10435}.Win7 Debug|x64.ActiveCfg = Debug|x86
		{84B970D5-37AC-4A29-B582-8B04E7D10435}.Win7 Debug|x86.ActiveCfg = Debug|x86
		{84B970D5-37AC-4A29-B582-8B04E7D10435}.Win7 Debug|x86.Build.0 = Debug|x86
		{84B970D5-37AC-4A29-B582-8B04E7D10435}.Win7 Release|Mixed Platforms.ActiveCfg = Release|x86
		{84B970D5-37AC-4A29-B582-8B04E7D10435}.Win7 Release|Mixed Platforms.Build.0 = Release|x86
		{84B970D5-37AC-4A29-B582-8B04E7D10435}.Win7 Release|Win32.ActiveCfg = Release|x86
		{84B970D5-37AC-4A29-B582-8B04E7D10435}.Win7 Release|Win32.Build.0 = Release|x86
		{84B970D5-37AC-4A29-B582-8B04E7D10435}.Win7 Release|x64.ActiveCfg = Release|x86
		{84B970D5-37AC-4A29-B582-8B04E7D10435}.Win7 Release|x86.ActiveCfg = Release|x86
		{84B970D5-37AC-4A29-B582-8B04E7D10435}.Win7 Release|x86.Build.0 = Release|x86
		{84B970D5-37AC-4A29-B582-8B04E7D10435}.Win8 Debug|Mixed Platforms.ActiveCfg = Debug|x86
		{84B970D5-37AC-4A29-B582-8B04E7D10435}.Win8 Debug|Mixed Platforms.Build.0 = Debug|x86
		{84B970D5-37AC-4A29-B582-8B04E7D10435}.Win8 Debug|Win32.ActiveCfg = Debug|x86
		{84B970D5-37AC-4A29-B582-8B04E7D10435}.Win8 Debug|Win32.Build.0 = Debug|x86
		{84B970D5-37AC-4A29-B582-8B04E7D10435}.Win8 Debug|x64.ActiveCfg = Debug|x86
		{84B970D5-37AC-4A29-B582-8B04E7D10435}.Win8 Debug|x86.ActiveCfg = Debug|x86
		{84B970D5-37AC-4A29-B582-8B04E7D10435}.Win8 Debug|x86.Build.0 = Debug|x86
		{84B970D5-37AC-4A29-B582-8B04E7D10435}.Win8 Release|Mixed Platforms.ActiveCfg = Release|x86
		{84B970D5-37AC-4A29-B582-8B04E7D10435}.Win8 Release|Mixed Platforms.Build.0 = Release|x86
		{84B970D5-37AC-4A29-B582-8B04E7D10435}.Win8 Release|Win32.ActiveCfg = Release|x86
		{84B970D5-37AC-4A29-B582-8B04E7D10435}.Win8 Release|Win32.Build.0 = Release|x86
		{84B970D5-37AC-4A29-B582-8B04E7D10435}.Win8 Release|x64.ActiveCfg = Release|x86
		{84B970D5-37AC-4A29-B582-8B04E7D10435}.Win8 Release|x86.ActiveCfg = Release|x86
		{84B970D5-37AC-4A29-B582-8B04E7D10435}.Win8 Release|x86.Build.0 = Release|x86
		{84B970D5-37AC-4A29-B582-8B04E7D10435}.Win8.1 Debug|Mixed Platforms.ActiveCfg = Debug|x86
		{84B970D5-37AC-4A29-B582-8B04E7D10435}.Win8.1 Debug|Mixed Platforms.Build.0 = Debug|x86
		{84B970D5-37AC-4A29-B582-8B04E7D10435}.Win8.1 Debug|Win32.ActiveCfg = Debug|x86
		{84B970D5-37AC-4A29-B582-8B04E7D10435}.Win8.1 Debug|Win32.Build.0 = Debug|x86
		{84B970D5-37AC-4A29-B582-8B04E7D10435}.Win8.1 Debug|x64.ActiveCfg = Debug|x86
		{84B970D5-37AC-4A29-B582-8B04E7D10435}.Win8.1 Debug|x86.ActiveCfg = Debug|x86
		{84B970D5-37AC-4A29-B582-8B04E7D10435}.Win8.1 Debug|x86.Build.0 = Debug|x86
		{84B970D5-37AC-4A29-B582-8B04E7D10435}.Win8.1 Release|Mixed Platforms.ActiveCfg = Release|x86
		{84B970D5-37AC-4A29-B582-8B04E7D10435}.Win8.1 Release|Mixed Platforms.Build.0 = Release|x86
		{84B970D5-37AC-4A29-B582-8B04E7D10435}.Win8.1 Release|Win32.ActiveCfg = Release|x86
		{84B970D5-37AC-4A29-B582-8B04E7D10435}.Win8.1 Release|Win32.Build.0 = Release|x86
		{84B970D5-37AC-4A29-B582-8B04E7D10435}.Win8.1 Release|x64.ActiveCfg = Release|x86
		{84B970D5-37AC-4A29-B582-8B04E7D10435}.Win8.1 Release|x86.ActiveCfg = Release|x86
		{84B970D5-37AC-4A29-B582-8B04E7D10435}.Win8.1 Release|x86.Build.0 = Release|x86
	EndGlobalSection
	GlobalSection(SolutionProperties) = preSolution
		HideSolutionNode = FALSE
	EndGlobalSection
EndGlobal
